{
  "name": "firestore-multi-batch",
  "version": "1.0.0",
  "lockfileVersion": 2,
  "requires": true,
  "packages": {
    "": {
      "name": "firestore-multi-batch",
      "version": "1.0.0",
      "license": "MIT",
      "dependencies": {
        "tiny-async-pool": "^1.2.0"
      },
      "devDependencies": {
        "@types/node": "^15.0.2",
        "@types/tiny-async-pool": "^1.0.0",
        "typescript": "^4.2.4"
      }
    },
    "node_modules/@types/node": {
      "version": "15.0.2",
      "resolved": "https://registry.npmjs.org/@types/node/-/node-15.0.2.tgz",
      "integrity": "sha512-p68+a+KoxpoB47015IeYZYRrdqMUcpbK8re/zpFB8Ld46LHC1lPEbp3EXgkEhAYEcPvjJF6ZO+869SQ0aH1dcA==",
      "dev": true
    },
    "node_modules/@types/tiny-async-pool": {
      "version": "1.0.0",
      "resolved": "https://registry.npmjs.org/@types/tiny-async-pool/-/tiny-async-pool-1.0.0.tgz",
      "integrity": "sha512-d8RK1jg/piCgv5/jD8ta8uJOE10tU8MWExzL1Kf1kOjMaTuL5cW0eZ9ax001SSYa4Ecg6xzZBh/jM4GB7+5OAg==",
      "dev": true
    },
    "node_modules/semver": {
      "version": "5.7.1",
      "resolved": "https://registry.npmjs.org/semver/-/semver-5.7.1.tgz",
      "integrity": "sha512-sauaDf/PZdVgrLTNYHRtpXa1iRiKcaebiKQ1BJdpQlWH2lCvexQdX55snPFyK7QzpudqbCI0qXFfOasHdyNDGQ==",
      "bin": {
        "semver": "bin/semver"
      }
    },
    "node_modules/tiny-async-pool": {
      "version": "1.2.0",
      "resolved": "https://registry.npmjs.org/tiny-async-pool/-/tiny-async-pool-1.2.0.tgz",
      "integrity": "sha512-PY/OiSenYGBU3c1nTuP1HLKRkhKFDXsAibYI5GeHbHw2WVpt6OFzAPIRP94dGnS66Jhrkheim2CHAXUNI4XwMg==",
      "dependencies": {
        "semver": "^5.5.0",
        "yaassertion": "^1.0.0"
      }
    },
    "node_modules/typescript": {
      "version": "4.2.4",
      "resolved": "https://registry.npmjs.org/typescript/-/typescript-4.2.4.tgz",
      "integrity": "sha512-V+evlYHZnQkaz8TRBuxTA92yZBPotr5H+WhQ7bD3hZUndx5tGOa1fuCgeSjxAzM1RiN5IzvadIXTVefuuwZCRg==",
      "dev": true,
      "bin": {
        "tsc": "bin/tsc",
        "tsserver": "bin/tsserver"
      },
      "engines": {
        "node": ">=4.2.0"
      }
    },
    "node_modules/yaassertion": {
      "version": "1.0.2",
      "resolved": "https://registry.npmjs.org/yaassertion/-/yaassertion-1.0.2.tgz",
      "integrity": "sha512-sBoJBg5vTr3lOpRX0yFD+tz7wv/l2UPMFthag4HGTMPrypBRKerjjS8jiEnNMjcAEtPXjbHiKE0UwRR1W1GXBg=="
    }
  },
  "dependencies": {
    "@types/node": {
      "version": "15.0.2",
      "resolved": "https://registry.npmjs.org/@types/node/-/node-15.0.2.tgz",
      "integrity": "sha512-p68+a+KoxpoB47015IeYZYRrdqMUcpbK8re/zpFB8Ld46LHC1lPEbp3EXgkEhAYEcPvjJF6ZO+869SQ0aH1dcA==",
      "dev": true
    },
    "@types/tiny-async-pool": {
      "version": "1.0.0",
      "resolved": "https://registry.npmjs.org/@types/tiny-async-pool/-/tiny-async-pool-1.0.0.tgz",
      "integrity": "sha512-d8RK1jg/piCgv5/jD8ta8uJOE10tU8MWExzL1Kf1kOjMaTuL5cW0eZ9ax001SSYa4Ecg6xzZBh/jM4GB7+5OAg==",
      "dev": true
    },
    "semver": {
      "version": "5.7.1",
      "resolved": "https://registry.npmjs.org/semver/-/semver-5.7.1.tgz",
      "integrity": "sha512-sauaDf/PZdVgrLTNYHRtpXa1iRiKcaebiKQ1BJdpQlWH2lCvexQdX55snPFyK7QzpudqbCI0qXFfOasHdyNDGQ=="
    },
    "tiny-async-pool": {
      "version": "1.2.0",
      "resolved": "https://registry.npmjs.org/tiny-async-pool/-/tiny-async-pool-1.2.0.tgz",
      "integrity": "sha512-PY/OiSenYGBU3c1nTuP1HLKRkhKFDXsAibYI5GeHbHw2WVpt6OFzAPIRP94dGnS66Jhrkheim2CHAXUNI4XwMg==",
      "requires": {
        "semver": "^5.5.0",
        "yaassertion": "^1.0.0"
      }
    },
    "typescript": {
      "version": "4.2.4",
      "resolved": "https://registry.npmjs.org/typescript/-/typescript-4.2.4.tgz",
      "integrity": "sha512-V+evlYHZnQkaz8TRBuxTA92yZBPotr5H+WhQ7bD3hZUndx5tGOa1fuCgeSjxAzM1RiN5IzvadIXTVefuuwZCRg==",
      "dev": true
    },
    "yaassertion": {
      "version": "1.0.2",
      "resolved": "https://registry.npmjs.org/yaassertion/-/yaassertion-1.0.2.tgz",
      "integrity": "sha512-sBoJBg5vTr3lOpRX0yFD+tz7wv/l2UPMFthag4HGTMPrypBRKerjjS8jiEnNMjcAEtPXjbHiKE0UwRR1W1GXBg=="
    }
  }
}
